
Microsoft Visual Studio Solution File, Format Version 12.00
# Visual Studio Version 16
VisualStudioVersion = 16.0.31702.278
MinimumVisualStudioVersion = 10.0.40219.1
Project("{9A19103F-16F7-4668-BE54-9A1E7A4F7556}") = "ZonaCommerceApi", "JetCommerceApi\ZonaCommerceApi.csproj", "{433EB445-6B66-4FF5-BDD2-20C997225893}"
EndProject
Global
	GlobalSection(SolutionConfigurationPlatforms) = preSolution
		Debug|Any CPU = Debug|Any CPU
		Release|Any CPU = Release|Any CPU
	EndGlobalSection
	GlobalSection(ProjectConfigurationPlatforms) = postSolution
		{433EB445-6B66-4FF5-BDD2-20C997225893}.Debug|Any CPU.ActiveCfg = Debug|Any CPU
		{433EB445-6B66-4FF5-BDD2-20C997225893}.Debug|Any CPU.Build.0 = Debug|Any CPU
		{433EB445-6B66-4FF5-BDD2-20C997225893}.Release|Any CPU.ActiveCfg = Release|Any CPU
		{433EB445-6B66-4FF5-BDD2-20C997225893}.Release|Any CPU.Build.0 = Release|Any CPU
	EndGlobalSection
	GlobalSection(SolutionProperties) = preSolution
		HideSolutionNode = FALSE
	EndGlobalSection
	GlobalSection(ExtensibilityGlobals) = postSolution
		SolutionGuid = {6B043235-BE7F-4012-8BDA-6459219D19FB}
	EndGlobalSection
EndGlobal
